// !$*UTF8*$!
{
	archiveVersion = 1;
	classes = {
	};
	objectVersion = 46;
	objects = {

/* Begin PBXBuildFile section */
		CE3FB6A31542848D00D77BC2 /* UIKit.framework in Frameworks */ = {isa = PBXBuildFile; fileRef = CE3FB6A21542848D00D77BC2 /* UIKit.framework */; };
		CE3FB6A51542848D00D77BC2 /* Foundation.framework in Frameworks */ = {isa = PBXBuildFile; fileRef = CE3FB6A41542848D00D77BC2 /* Foundation.framework */; };
		CE3FB6A71542848D00D77BC2 /* CoreGraphics.framework in Frameworks */ = {isa = PBXBuildFile; fileRef = CE3FB6A61542848D00D77BC2 /* CoreGraphics.framework */; };
		CE3FB6AD1542848D00D77BC2 /* InfoPlist.strings in Resources */ = {isa = PBXBuildFile; fileRef = CE3FB6AB1542848D00D77BC2 /* InfoPlist.strings */; };
		CE3FB6AF1542848E00D77BC2 /* main.m in Sources */ = {isa = PBXBuildFile; fileRef = CE3FB6AE1542848E00D77BC2 /* main.m */; };
		CE3FB6B31542848E00D77BC2 /* BooksAppDelegate.m in Sources */ = {isa = PBXBuildFile; fileRef = CE3FB6B21542848E00D77BC2 /* BooksAppDelegate.m */; };
		CE3FB6B61542848E00D77BC2 /* BooksViewController.m in Sources */ = {isa = PBXBuildFile; fileRef = CE3FB6B51542848E00D77BC2 /* BooksViewController.m */; };
		CE3FB6B91542848E00D77BC2 /* BooksViewController.xib in Resources */ = {isa = PBXBuildFile; fileRef = CE3FB6B71542848E00D77BC2 /* BooksViewController.xib */; };
/* End PBXBuildFile section */

/* Begin PBXFileReference section */
		CE3FB69E1542848D00D77BC2 /* Books.app */ = {isa = PBXFileReference; explicitFileType = wrapper.application; includeInIndex = 0; path = Books.app; sourceTree = BUILT_PRODUCTS_DIR; };
		CE3FB6A21542848D00D77BC2 /* UIKit.framework */ = {isa = PBXFileReference; lastKnownFileType = wrapper.framework; name = UIKit.framework; path = System/Library/Frameworks/UIKit.framework; sourceTree = SDKROOT; };
		CE3FB6A41542848D00D77BC2 /* Foundation.framework */ = {isa = PBXFileReference; lastKnownFileType = wrapper.framework; name = Foundation.framework; path = System/Library/Frameworks/Foundation.framework; sourceTree = SDKROOT; };
		CE3FB6A61542848D00D77BC2 /* CoreGraphics.framework */ = {isa = PBXFileReference; lastKnownFileType = wrapper.framework; name = CoreGraphics.framework; path = System/Library/Frameworks/CoreGraphics.framework; sourceTree = SDKROOT; };
		CE3FB6AA1542848D00D77BC2 /* Books-Info.plist */ = {isa = PBXFileReference; path = "Books-Info.plist"; sourceTree = "<group>"; };
		CE3FB6AC1542848D00D77BC2 /* en */ = {isa = PBXFileReference; lastKnownFileType = text.plist.strings; name = en; path = en.lproj/InfoPlist.strings; sourceTree = "<group>"; };
		CE3FB6AE1542848E00D77BC2 /* main.m */ = {isa = PBXFileReference; lastKnownFileType = sourcecode.c.objc; path = main.m; sourceTree = "<group>"; };
		CE3FB6B01542848E00D77BC2 /* Books-Prefix.pch */ = {isa = PBXFileReference; path = "Books-Prefix.pch"; sourceTree = "<group>"; };
		CE3FB6B11542848E00D77BC2 /* BooksAppDelegate.h */ = {isa = PBXFileReference; path = BooksAppDelegate.h; sourceTree = "<group>"; };
		CE3FB6B21542848E00D77BC2 /* BooksAppDelegate.m */ = {isa = PBXFileReference; lastKnownFileType = sourcecode.c.objc; path = BooksAppDelegate.m; sourceTree = "<group>"; };
		CE3FB6B41542848E00D77BC2 /* BooksViewController.h */ = {isa = PBXFileReference; path = BooksViewController.h; sourceTree = "<group>"; };
		CE3FB6B51542848E00D77BC2 /* BooksViewController.m */ = {isa = PBXFileReference; lastKnownFileType = sourcecode.c.objc; path = BooksViewController.m; sourceTree = "<group>"; };
		CE3FB6B81542848E00D77BC2 /* en */ = {isa = PBXFileReference; lastKnownFileType = file.xib; name = en; path = en.lproj/BooksViewController.xib; sourceTree = "<group>"; };
/* End PBXFileReference section */

/* Begin PBXFrameworksBuildPhase section */
		CE3FB69B1542848D00D77BC2 /* Frameworks */ = {
			isa = PBXFrameworksBuildPhase;
			buildActionMask = 2147483647;
			files = (
				CE3FB6A31542848D00D77BC2 /* UIKit.framework in Frameworks */,
				CE3FB6A51542848D00D77BC2 /* Foundation.framework in Frameworks */,
				CE3FB6A71542848D00D77BC2 /* CoreGraphics.framework in Frameworks */,
			);
			runOnlyForDeploymentPostprocessing = 0;
		};
/* End PBXFrameworksBuildPhase section */

/* Begin PBXGroup section */
		CE3FB6931542848D00D77BC2 = {
			isa = PBXGroup;
			children = (
				CE3FB6A81542848D00D77BC2 /* Books */,
				CE3FB6A11542848D00D77BC2 /* Frameworks */,
				CE3FB69F1542848D00D77BC2 /* Products */,
			);
			sourceTree = "<group>";
		};
		CE3FB69F1542848D00D77BC2 /* Products */ = {
			isa = PBXGroup;
			children = (
				CE3FB69E1542848D00D77BC2 /* Books.app */,
			);
			name = Products;
			sourceTree = "<group>";
		};
		CE3FB6A11542848D00D77BC2 /* Frameworks */ = {
			isa = PBXGroup;
			children = (
				CE3FB6A21542848D00D77BC2 /* UIKit.framework */,
				CE3FB6A41542848D00D77BC2 /* Foundation.framework */,
				CE3FB6A61542848D00D77BC2 /* CoreGraphics.framework */,
			);
			name = Frameworks;
			sourceTree = "<group>";
		};
		CE3FB6A81542848D00D77BC2 /* Books */ = {
			isa = PBXGroup;
			children = (
				CE3FB6B11542848E00D77BC2 /* BooksAppDelegate.h */,
				CE3FB6B21542848E00D77BC2 /* BooksAppDelegate.m */,
				CE3FB6B41542848E00D77BC2 /* BooksViewController.h */,
				CE3FB6B51542848E00D77BC2 /* BooksViewController.m */,
				CE3FB6B71542848E00D77BC2 /* BooksViewController.xib */,
				CE3FB6A91542848D00D77BC2 /* Supporting Files */,
			);
			path = Books;
			sourceTree = "<group>";
		};
		CE3FB6A91542848D00D77BC2 /* Supporting Files */ = {
			isa = PBXGroup;
			children = (
				CE3FB6AA1542848D00D77BC2 /* Books-Info.plist */,
				CE3FB6AB1542848D00D77BC2 /* InfoPlist.strings */,
				CE3FB6AE1542848E00D77BC2 /* main.m */,
				CE3FB6B01542848E00D77BC2 /* Books-Prefix.pch */,
			);
			name = "Supporting Files";
			sourceTree = "<group>";
		};
/* End PBXGroup section */

/* Begin PBXNativeTarget section */
		CE3FB69D1542848D00D77BC2 /* Books */ = {
			isa = PBXNativeTarget;
			buildConfigurationList = CE3FB6BC1542848E00D77BC2 /* Build configuration list for PBXNativeTarget "Books" */;
			buildPhases = (
				CE3FB69A1542848D00D77BC2 /* Sources */,
				CE3FB69B1542848D00D77BC2 /* Frameworks */,
				CE3FB69C1542848D00D77BC2 /* Resources */,
			);
			buildRules = (
			);
			dependencies = (
			);
			name = Books;
			productName = Books;
			productReference = CE3FB69E1542848D00D77BC2 /* Books.app */;
			productType = "com.apple.product-type.application";
		};
/* End PBXNativeTarget section */

/* Begin PBXProject section */
		CE3FB6951542848D00D77BC2 /* Project object */ = {
			isa = PBXProject;
			attributes = {
				CLASSPREFIX = Books;
				LastUpgradeCheck = 0430;
			};
			buildConfigurationList = CE3FB6981542848D00D77BC2 /* Build configuration list for PBXProject "Books" */;
			compatibilityVersion = "Xcode 3.2";
			developmentRegion = English;
			hasScannedForEncodings = 0;
			knownRegions = (
				en,
			);
			mainGroup = CE3FB6931542848D00D77BC2;
			productRefGroup = CE3FB69F1542848D00D77BC2 /* Products */;
			projectDirPath = "";
			projectRoot = "";
			targets = (
				CE3FB69D1542848D00D77BC2 /* Books */,
			);
		};
/* End PBXProject section */

/* Begin PBXResourcesBuildPhase section */
		CE3FB69C1542848D00D77BC2 /* Resources */ = {
			isa = PBXResourcesBuildPhase;
			buildActionMask = 2147483647;
			files = (
				CE3FB6AD1542848D00D77BC2 /* InfoPlist.strings in Resources */,
				CE3FB6B91542848E00D77BC2 /* BooksViewController.xib in Resources */,
			);
			runOnlyForDeploymentPostprocessing = 0;
		};
/* End PBXResourcesBuildPhase section */

/* Begin PBXSourcesBuildPhase section */
		CE3FB69A1542848D00D77BC2 /* Sources */ = {
			isa = PBXSourcesBuildPhase;
			buildActionMask = 2147483647;
			files = (
				CE3FB6AF1542848E00D77BC2 /* main.m in Sources */,
				CE3FB6B31542848E00D77BC2 /* BooksAppDelegate.m in Sources */,
				CE3FB6B61542848E00D77BC2 /* BooksViewController.m in Sources */,
			);
			runOnlyForDeploymentPostprocessing = 0;
		};
/* End PBXSourcesBuildPhase section */

/* Begin PBXVariantGroup section */
		CE3FB6AB1542848D00D77BC2 /* InfoPlist.strings */ = {
			isa = PBXVariantGroup;
			children = (
				CE3FB6AC1542848D00D77BC2 /* en */,
			);
			name = InfoPlist.strings;
			sourceTree = "<group>";
		};
		CE3FB6B71542848E00D77BC2 /* BooksViewController.xib */ = {
			isa = PBXVariantGroup;
			children = (
				CE3FB6B81542848E00D77BC2 /* en */,
			);
			name = BooksViewController.xib;
			sourceTree = "<group>";
		};
/* End PBXVariantGroup section */

/* Begin XCBuildConfiguration section */
		CE3FB6BA1542848E00D77BC2 /* Debug */ = {
			isa = XCBuildConfiguration;
			buildSettings = {
				ALWAYS_SEARCH_USER_PATHS = NO;
				ARCHS = "$(ARCHS_STANDARD_32_BIT)";
				"CODE_SIGN_IDENTITY[sdk=iphoneos*]" = "iPhone Developer";
				COPY_PHASE_STRIP = NO;
				GCC_C_LANGUAGE_STANDARD = gnu99;
				GCC_DYNAMIC_NO_PIC = NO;
				GCC_OPTIMIZATION_LEVEL = 0;
				GCC_PREPROCESSOR_DEFINITIONS = (
					"DEBUG=1",
					"$(inherited)",
				);
				GCC_SYMBOLS_PRIVATE_EXTERN = NO;
				GCC_VERSION = com.apple.compilers.llvm.clang.1_0;
				GCC_WARN_ABOUT_RETURN_TYPE = YES;
				GCC_WARN_UNINITIALIZED_AUTOS = YES;
				GCC_WARN_UNUSED_VARIABLE = YES;
				IPHONEOS_DEPLOYMENT_TARGET = 5.1;
				SDKROOT = iphoneos;
			};
			name = Debug;
		};
		CE3FB6BB1542848E00D77BC2 /* Release */ = {
			isa = XCBuildConfiguration;
			buildSettings = {
				ALWAYS_SEARCH_USER_PATHS = NO;
				ARCHS = "$(ARCHS_STANDARD_32_BIT)";
				"CODE_SIGN_IDENTITY[sdk=iphoneos*]" = "iPhone Developer";
				COPY_PHASE_STRIP = YES;
				GCC_C_LANGUAGE_STANDARD = gnu99;
				GCC_VERSION = com.apple.compilers.llvm.clang.1_0;
				GCC_WARN_ABOUT_RETURN_TYPE = YES;
				GCC_WARN_UNINITIALIZED_AUTOS = YES;
				GCC_WARN_UNUSED_VARIABLE = YES;
				IPHONEOS_DEPLOYMENT_TARGET = 5.1;
				OTHER_CFLAGS = "-DNS_BLOCK_ASSERTIONS=1";
				SDKROOT = iphoneos;
				VALIDATE_PRODUCT = YES;
			};
			name = Release;
		};
		CE3FB6BD1542848E00D77BC2 /* Debug */ = {
			isa = XCBuildConfiguration;
			buildSettings = {
				GCC_PRECOMPILE_PREFIX_HEADER = YES;
				GCC_PREFIX_HEADER = "Books/Books-Prefix.pch";
				INFOPLIST_FILE = "Books/Books-Info.plist";
				PRODUCT_NAME = "$(TARGET_NAME)";
				WRAPPER_EXTENSION = app;
			};
			name = Debug;
		};
		CE3FB6BE1542848E00D77BC2 /* Release */ = {
			isa = XCBuildConfiguration;
			buildSettings = {
				GCC_PRECOMPILE_PREFIX_HEADER = YES;
				GCC_PREFIX_HEADER = "Books/Books-Prefix.pch";
				INFOPLIST_FILE = "Books/Books-Info.plist";
				PRODUCT_NAME = "$(TARGET_NAME)";
				WRAPPER_EXTENSION = app;
			};
			name = Release;
		};
/* End XCBuildConfiguration section */

/* Begin XCConfigurationList section */
		CE3FB6981542848D00D77BC2 /* Build configuration list for PBXProject "Books" */ = {
			isa = XCConfigurationList;
			buildConfigurations = (
				CE3FB6BA1542848E00D77BC2 /* Debug */,
				CE3FB6BB1542848E00D77BC2 /* Release */,
			);
			defaultConfigurationIsVisible = 0;
			defaultConfigurationName = Release;
		};
		CE3FB6BC1542848E00D77BC2 /* Build configuration list for PBXNativeTarget "Books" */ = {
			isa = XCConfigurationList;
			buildConfigurations = (
				CE3FB6BD1542848E00D77BC2 /* Debug */,
				CE3FB6BE1542848E00D77BC2 /* Release */,
			);
			defaultConfigurationIsVisible = 0;
		};
/* End XCConfigurationList section */
	};
	rootObject = CE3FB6951542848D00D77BC2 /* Project object */;
}
